
Microsoft Visual Studio Solution File, Format Version 12.00
# Visual Studio 2013
VisualStudioVersion = 12.0.31101.0
MinimumVisualStudioVersion = 10.0.40219.1
Project("{FAE04EC0-301F-11D3-BF4B-00C04F79EFBC}") = "Nucleotide_v2", "Nucleotide_v2\Nucleotide_v2.csproj", "{9E1BCB8E-1D0C-4DCC-85D1-6BFF25E424ED}"
EndProject
Project("{FAE04EC0-301F-11D3-BF4B-00C04F79EFBC}") = "Nucleotide_v2.Test", "Nucleotide_v2.Test\Nucleotide_v2.Test.csproj", "{E295F686-8B58-4388-8731-DDDC372A048D}"
EndProject
Project("{2150E333-8FDC-42A3-9474-1A3956D46DE8}") = "Solution Items", "Solution Items", "{971A157C-E0C5-4A92-9B28-C3D3C8CC17CE}"
EndProject
Project("{FAE04EC0-301F-11D3-BF4B-00C04F79EFBC}") = "Nucleotide_v3", "Nucleotide_v3\Nucleotide_v3.csproj", "{311B04B5-4C91-48D4-8AA5-7CC8441E7414}"
EndProject
Global
	GlobalSection(SolutionConfigurationPlatforms) = preSolution
		Debug|Any CPU = Debug|Any CPU
		Release|Any CPU = Release|Any CPU
	EndGlobalSection
	GlobalSection(ProjectConfigurationPlatforms) = postSolution
		{9E1BCB8E-1D0C-4DCC-85D1-6BFF25E424ED}.Debug|Any CPU.ActiveCfg = Debug|Any CPU
		{9E1BCB8E-1D0C-4DCC-85D1-6BFF25E424ED}.Debug|Any CPU.Build.0 = Debug|Any CPU
		{9E1BCB8E-1D0C-4DCC-85D1-6BFF25E424ED}.Release|Any CPU.ActiveCfg = Release|Any CPU
		{9E1BCB8E-1D0C-4DCC-85D1-6BFF25E424ED}.Release|Any CPU.Build.0 = Release|Any CPU
		{E295F686-8B58-4388-8731-DDDC372A048D}.Debug|Any CPU.ActiveCfg = Debug|Any CPU
		{E295F686-8B58-4388-8731-DDDC372A048D}.Debug|Any CPU.Build.0 = Debug|Any CPU
		{E295F686-8B58-4388-8731-DDDC372A048D}.Release|Any CPU.ActiveCfg = Release|Any CPU
		{E295F686-8B58-4388-8731-DDDC372A048D}.Release|Any CPU.Build.0 = Release|Any CPU
		{311B04B5-4C91-48D4-8AA5-7CC8441E7414}.Debug|Any CPU.ActiveCfg = Debug|Any CPU
		{311B04B5-4C91-48D4-8AA5-7CC8441E7414}.Debug|Any CPU.Build.0 = Debug|Any CPU
		{311B04B5-4C91-48D4-8AA5-7CC8441E7414}.Release|Any CPU.ActiveCfg = Release|Any CPU
		{311B04B5-4C91-48D4-8AA5-7CC8441E7414}.Release|Any CPU.Build.0 = Release|Any CPU
	EndGlobalSection
	GlobalSection(SolutionProperties) = preSolution
		HideSolutionNode = FALSE
	EndGlobalSection
EndGlobal
